
Microsoft Visual Studio Solution File, Format Version 12.00
# Visual Studio 14
VisualStudioVersion = 14.0.23107.0
MinimumVisualStudioVersion = 10.0.40219.1
Project("{8BC9CEB8-8B4A-11D0-8D11-00A0C91BC942}") = "Launcher", "Launcher\Launcher.vcxproj", "{6CAA4E12-949E-415A-9D44-130E3354136C}"
EndProject
Project("{8BC9CEB8-8B4A-11D0-8D11-00A0C91BC942}") = "Coreg", "Coreg\Coreg.vcxproj", "{92177168-246E-4961-A49D-AA420CF7DE08}"
EndProject
Global
	GlobalSection(SolutionConfigurationPlatforms) = preSolution
		Debug|x64 = Debug|x64
		Debug|x86 = Debug|x86
		Release|x64 = Release|x64
		Release|x86 = Release|x86
	EndGlobalSection
	GlobalSection(ProjectConfigurationPlatforms) = postSolution
		{6CAA4E12-949E-415A-9D44-130E3354136C}.Debug|x64.ActiveCfg = Debug|Win32
		{6CAA4E12-949E-415A-9D44-130E3354136C}.Debug|x86.ActiveCfg = Debug|Win32
		{6CAA4E12-949E-415A-9D44-130E3354136C}.Debug|x86.Build.0 = Debug|Win32
		{6CAA4E12-949E-415A-9D44-130E3354136C}.Release|x64.ActiveCfg = Release|Win32
		{6CAA4E12-949E-415A-9D44-130E3354136C}.Release|x86.ActiveCfg = Release|Win32
		{6CAA4E12-949E-415A-9D44-130E3354136C}.Release|x86.Build.0 = Release|Win32
		{92177168-246E-4961-A49D-AA420CF7DE08}.Debug|x64.ActiveCfg = Debug|Win32
		{92177168-246E-4961-A49D-AA420CF7DE08}.Debug|x86.ActiveCfg = Debug|Win32
		{92177168-246E-4961-A49D-AA420CF7DE08}.Debug|x86.Build.0 = Debug|Win32
		{92177168-246E-4961-A49D-AA420CF7DE08}.Release|x64.ActiveCfg = Release|Win32
		{92177168-246E-4961-A49D-AA420CF7DE08}.Release|x86.ActiveCfg = Release|Win32
		{92177168-246E-4961-A49D-AA420CF7DE08}.Release|x86.Build.0 = Release|Win32
	EndGlobalSection
	GlobalSection(SolutionProperties) = preSolution
		HideSolutionNode = FALSE
	EndGlobalSection
EndGlobal
