<?xml version="1.0" encoding="utf-8"?>
<Project ToolsVersion="4.0" xmlns="http://schemas.microsoft.com/developer/msbuild/2003">
  <ItemGroup>
    <Filter Include="Source Files">
      <UniqueIdentifier>{4FC737F1-C7A5-4376-A066-2A32D752A2FF}</UniqueIdentifier>
      <Extensions>cpp;c;cc;cxx;def;odl;idl;hpj;bat;asm;asmx</Extensions>
    </Filter>
    <Filter Include="Header Files">
      <UniqueIdentifier>{93995380-89BD-4b04-88EB-625FBE52EBFB}</UniqueIdentifier>
      <Extensions>h;hh;hpp;hxx;hm;inl;inc;xsd</Extensions>
    </Filter>
    <Filter Include="Resource Files">
      <UniqueIdentifier>{67DA6AB6-F800-4c08-8B7A-83BB121AAD01}</UniqueIdentifier>
      <Extensions>rc;ico;cur;bmp;dlg;rc2;rct;bin;rgs;gif;jpg;jpeg;jpe;resx;tiff;tif;png;wav;mfcribbon-ms</Extensions>
    </Filter>
  </ItemGroup>
  <ItemGroup>
    <ClCompile Include="Main.cpp">
      <Filter>Source Files</Filter>
    </ClCompile>
    <ClCompile Include="Shared\Debug.cpp">
      <Filter>Source Files</Filter>
    </ClCompile>
    <ClCompile Include="Shared\System.Windows.cpp">
      <Filter>Source Files</Filter>
    </ClCompile>
  </ItemGroup>
  <ItemGroup>
    <ClInclude Include="sdk\SteamAPI\isteamapplist.h">
      <Filter>Header Files</Filter>
    </ClInclude>
    <ClInclude Include="sdk\SteamAPI\isteamapps.h">
      <Filter>Header Files</Filter>
    </ClInclude>
    <ClInclude Include="sdk\SteamAPI\isteamappticket.h">
      <Filter>Header Files</Filter>
    </ClInclude>
    <ClInclude Include="sdk\SteamAPI\isteamclient.h">
      <Filter>Header Files</Filter>
    </ClInclude>
    <ClInclude Include="sdk\SteamAPI\isteamcontroller.h">
      <Filter>Header Files</Filter>
    </ClInclude>
    <ClInclude Include="sdk\SteamAPI\isteamfriends.h">
      <Filter>Header Files</Filter>
    </ClInclude>
    <ClInclude Include="sdk\SteamAPI\isteamgamecoordinator.h">
      <Filter>Header Files</Filter>
    </ClInclude>
    <ClInclude Include="sdk\SteamAPI\isteamgameserver.h">
      <Filter>Header Files</Filter>
    </ClInclude>
    <ClInclude Include="sdk\SteamAPI\isteamgameserverstats.h">
      <Filter>Header Files</Filter>
    </ClInclude>
    <ClInclude Include="sdk\SteamAPI\isteamhtmlsurface.h">
      <Filter>Header Files</Filter>
    </ClInclude>
    <ClInclude Include="sdk\SteamAPI\isteamhttp.h">
      <Filter>Header Files</Filter>
    </ClInclude>
    <ClInclude Include="sdk\SteamAPI\isteaminventory.h">
      <Filter>Header Files</Filter>
    </ClInclude>
    <ClInclude Include="sdk\SteamAPI\isteammasterserverupdater.h">
      <Filter>Header Files</Filter>
    </ClInclude>
    <ClInclude Include="sdk\SteamAPI\isteammatchmaking.h">
      <Filter>Header Files</Filter>
    </ClInclude>
    <ClInclude Include="sdk\SteamAPI\isteammusic.h">
      <Filter>Header Files</Filter>
    </ClInclude>
    <ClInclude Include="sdk\SteamAPI\isteammusicremote.h">
      <Filter>Header Files</Filter>
    </ClInclude>
    <ClInclude Include="sdk\SteamAPI\isteamnetworking.h">
      <Filter>Header Files</Filter>
    </ClInclude>
    <ClInclude Include="sdk\SteamAPI\isteamps3overlayrenderer.h">
      <Filter>Header Files</Filter>
    </ClInclude>
    <ClInclude Include="sdk\SteamAPI\isteamremotestorage.h">
      <Filter>Header Files</Filter>
    </ClInclude>
    <ClInclude Include="sdk\SteamAPI\isteamscreenshots.h">
      <Filter>Header Files</Filter>
    </ClInclude>
    <ClInclude Include="sdk\SteamAPI\isteamugc.h">
      <Filter>Header Files</Filter>
    </ClInclude>
    <ClInclude Include="sdk\SteamAPI\isteamunifiedmessages.h">
      <Filter>Header Files</Filter>
    </ClInclude>
    <ClInclude Include="sdk\SteamAPI\isteamuser.h">
      <Filter>Header Files</Filter>
    </ClInclude>
    <ClInclude Include="sdk\SteamAPI\isteamuserstats.h">
      <Filter>Header Files</Filter>
    </ClInclude>
    <ClInclude Include="sdk\SteamAPI\isteamutils.h">
      <Filter>Header Files</Filter>
    </ClInclude>
    <ClInclude Include="sdk\SteamAPI\isteamvideo.h">
      <Filter>Header Files</Filter>
    </ClInclude>
    <ClInclude Include="sdk\SteamAPI\matchmakingtypes.h">
      <Filter>Header Files</Filter>
    </ClInclude>
    <ClInclude Include="sdk\SteamAPI\steam_api.h">
      <Filter>Header Files</Filter>
    </ClInclude>
    <ClInclude Include="sdk\SteamAPI\steam_api_flat.h">
      <Filter>Header Files</Filter>
    </ClInclude>
    <ClInclude Include="sdk\SteamAPI\steam_gameserver.h">
      <Filter>Header Files</Filter>
    </ClInclude>
    <ClInclude Include="sdk\SteamAPI\steamclientpublic.h">
      <Filter>Header Files</Filter>
    </ClInclude>
    <ClInclude Include="sdk\SteamAPI\steamencryptedappticket.h">
      <Filter>Header Files</Filter>
    </ClInclude>
    <ClInclude Include="sdk\SteamAPI\steamhttpenums.h">
      <Filter>Header Files</Filter>
    </ClInclude>
    <ClInclude Include="sdk\SteamAPI\steamps3params.h">
      <Filter>Header Files</Filter>
    </ClInclude>
    <ClInclude Include="sdk\SteamAPI\steamtypes.h">
      <Filter>Header Files</Filter>
    </ClInclude>
    <ClInclude Include="sdk\SteamAPI\steamuniverse.h">
      <Filter>Header Files</Filter>
    </ClInclude>
    <ClInclude Include="Shared\Memory\Allocators\BaseAllocator.h">
      <Filter>Header Files</Filter>
    </ClInclude>
    <ClInclude Include="Shared\Memory\Allocators\DynamicHeapAllocator.h">
      <Filter>Header Files</Filter>
    </ClInclude>
    <ClInclude Include="Shared\Memory\Allocators\FixedAllocator.h">
      <Filter>Header Files</Filter>
    </ClInclude>
    <ClInclude Include="Shared\Memory\Allocators\FixedHeapAllocator.h">
      <Filter>Header Files</Filter>
    </ClInclude>
    <ClInclude Include="Shared\String\String.h">
      <Filter>Header Files</Filter>
    </ClInclude>
    <ClInclude Include="Shared\String\StringLib.h">
      <Filter>Header Files</Filter>
    </ClInclude>
    <ClInclude Include="Shared\Allocators.h">
      <Filter>Header Files</Filter>
    </ClInclude>
    <ClInclude Include="Shared\Debug.h">
      <Filter>Header Files</Filter>
    </ClInclude>
    <ClInclude Include="Shared\Defines.h">
      <Filter>Header Files</Filter>
    </ClInclude>
    <ClInclude Include="Shared\Nil.h">
      <Filter>Header Files</Filter>
    </ClInclude>
    <ClInclude Include="Shared\Strings.h">
      <Filter>Header Files</Filter>
    </ClInclude>
    <ClInclude Include="Shared\System.h">
      <Filter>Header Files</Filter>
    </ClInclude>
    <ClInclude Include="Shared\Types.h">
      <Filter>Header Files</Filter>
    </ClInclude>
  </ItemGroup>
  <ItemGroup>
    <None Include="steam_api.dll" />
  </ItemGroup>
</Project>